
Microsoft Visual Studio Solution File, Format Version 12.00
# Visual Studio Version 17
VisualStudioVersion = 17.8.34330.188
MinimumVisualStudioVersion = 10.0.40219.1
Project("{9A19103F-16F7-4668-BE54-9A1E7A4F7556}") = "MauiApp2", "MauiApp2.csproj", "{01C39A3A-D0F0-4CE5-BBB1-D31197CFB3AB}"
EndProject
Global
	GlobalSection(SolutionConfigurationPlatforms) = preSolution
		Debug|Any CPU = Debug|Any CPU
		Release|Any CPU = Release|Any CPU
	EndGlobalSection
	GlobalSection(ProjectConfigurationPlatforms) = postSolution
		{01C39A3A-D0F0-4CE5-BBB1-D31197CFB3AB}.Debug|Any CPU.ActiveCfg = Debug|Any CPU
		{01C39A3A-D0F0-4CE5-BBB1-D31197CFB3AB}.Debug|Any CPU.Build.0 = Debug|Any CPU
		{01C39A3A-D0F0-4CE5-BBB1-D31197CFB3AB}.Debug|Any CPU.Deploy.0 = Debug|Any CPU
		{01C39A3A-D0F0-4CE5-BBB1-D31197CFB3AB}.Release|Any CPU.ActiveCfg = Release|Any CPU
		{01C39A3A-D0F0-4CE5-BBB1-D31197CFB3AB}.Release|Any CPU.Build.0 = Release|Any CPU
		{01C39A3A-D0F0-4CE5-BBB1-D31197CFB3AB}.Release|Any CPU.Deploy.0 = Release|Any CPU
	EndGlobalSection
	GlobalSection(SolutionProperties) = preSolution
		HideSolutionNode = FALSE
	EndGlobalSection
	GlobalSection(ExtensibilityGlobals) = postSolution
		SolutionGuid = {50DD278C-B2BB-4AF3-B147-1F348599783F}
	EndGlobalSection
EndGlobal
